
Microsoft Visual Studio Solution File, Format Version 12.00
# Visual Studio 2015
Project("{FAE04EC0-301F-11D3-BF4B-00C04F79EFBC}") = "SnowTower.CSharp", "SnowTower.CSharp.csproj", "{73F427FF-CC65-7F3E-7EF8-5FA40DA78A25}"
EndProject
Global
	GlobalSection(SolutionConfigurationPlatforms) = preSolution
		Debug|Any CPU = Debug|Any CPU
		Release|Any CPU = Release|Any CPU
	EndGlobalSection
	GlobalSection(ProjectConfigurationPlatforms) = postSolution
		{73F427FF-CC65-7F3E-7EF8-5FA40DA78A25}.Debug|Any CPU.ActiveCfg = Debug|Any CPU
		{73F427FF-CC65-7F3E-7EF8-5FA40DA78A25}.Debug|Any CPU.Build.0 = Debug|Any CPU
		{73F427FF-CC65-7F3E-7EF8-5FA40DA78A25}.Release|Any CPU.ActiveCfg = Release|Any CPU
		{73F427FF-CC65-7F3E-7EF8-5FA40DA78A25}.Release|Any CPU.Build.0 = Release|Any CPU
	EndGlobalSection
	GlobalSection(SolutionProperties) = preSolution
		HideSolutionNode = FALSE
	EndGlobalSection
EndGlobal
